github.com/Sirupsen/logrus v0.11.5 h1:aIMrrsnipdTlAieMe7FC/iiuJ0+ELiXCT4YiVQiK9j8=
github.com/Sirupsen/logrus v0.11.5/go.mod h1:rmk17hk6i8ZSAJkSDa7nOxamrG+SP4P0mm+DAvExv4U=
github.com/davecgh/go-spew v1.1.0 h1:ZDRjVQ15GmhC3fiQ8ni8+OwkZQO4DARzQgrnXU1Liz8=
github.com/davecgh/go-spew v1.1.0/go.mod h1:J7Y8YcW2NihsgmVo/mv3lAwl/skON4iLHjSsI+c5H38=
github.com/dgrijalva/jwt-go v3.1.0+incompatible h1:FFziAwDQQ2dz1XClWMkwvukur3evtZx7x/wMHKM1i20=
github.com/dgrijalva/jwt-go v3.1.0+incompatible/go.mod h1:E3ru+11k8xSBh+hMPgOLZmtrrCbhqsmaPHjLKYnJCaQ=
github.com/elazarl/go-bindata-assetfs v1.0.0 h1:G/bYguwHIzWq9ZoyUQqrjTmJbbYn3j3CKKpKinvZLFk=
github.com/elazarl/go-bindata-assetfs v1.0.0/go.mod h1:v+YaWX3bdea5J/mo8dSETolEo7R71Vk1u8bnjau5yw4=
github.com/franela/goblin v0.0.0-20170821161553-b962efd4bb2a h1:k88PAvmBlL+52JnuKfBrJBtDVecRdaSmXVyynzuhxEQ=
github.com/franela/goblin v0.0.0-20170821161553-b962efd4bb2a/go.mod h1:7dvUGVsVBjqR7JHJk0brhHOZYGmfBYOrK0ZhYMEtBr4=
github.com/gin-contrib/sse v0.0.0-20170109093832-22d885f9ecc7 h1:AzN37oI0cOS+cougNAV9szl6CVoj2RYwzS3DpUQNtlY=
github.com/gin-contrib/sse v0.0.0-20170109093832-22d885f9ecc7/go.mod h1:VJ0WA2NBN22VlZ2dKZQPAPnyWw5XTlK1KymzLKsr59s=
github.com/gin-gonic/gin v0.0.0-20170702092826-d459835d2b07 h1:cZPJWzd2oNeoS0oJM2TlN9rl0OnCgUr10gC8Q4mH+6M=
github.com/gin-gonic/gin v0.0.0-20170702092826-d459835d2b07/go.mod h1:7cKuhb5qV2ggCFctp2fJQ+ErvciLZrIeoOSOm6mUr7Y=
github.com/go-sql-driver/mysql v1.3.0 h1:pgwjLi/dvffoP9aabwkT3AKpXQM93QARkjFhDDqC1UE=
github.com/go-sql-driver/mysql v1.3.0/go.mod h1:zAC/RDZ24gD3HViQzih4MyKcchzm+sOG5ZlKdlhCg5w=
github.com/golang/protobuf v0.0.0-20170920220647-130e6b02ab05 h1:Kesru7U6Mhpf/x7rthxAKnr586VFmoE2NdEvkOKvfjg=
github.com/golang/protobuf v0.0.0-20170920220647-130e6b02ab05/go.mod h1:6lQm79b+lXiMfvg/cZm0SGofjICqVBUtrP5yJMmIC1U=
github.com/google/go-github v0.0.0-20180723152927-e1be32f26e66 h1:aWetrL1GmzNv07hFf/s1djYTcIsLqSCFCLPj9L7+zME=
github.com/google/go-github v0.0.0-20180723152927-e1be32f26e66/go.mod h1:zLgOLi98H3fifZn+44m+umXrS52loVEgC2AApnigrVQ=
github.com/google/go-querystring v0.0.0-20170111101155-53e6ce116135 h1:zLTLjkaOFEFIOxY5BWLFLwh+cL8vOBW4XJ2aqLE/Tf0=
github.com/google/go-querystring v0.0.0-20170111101155-53e6ce116135/go.mod h1:odCYkC5MyYFN7vkCjXpyrEuKhc/BUO6wN/zVPAxq5ck=
github.com/hashicorp/errwrap v0.0.0-20141028054710-7554cd9344ce h1:prjrVgOk2Yg6w+PflHoszQNLTUh4kaByUcEWM/9uin4=
github.com/hashicorp/errwrap v0.0.0-20141028054710-7554cd9344ce/go.mod h1:YH+1FKiLXxHSkmPseP+kNlulaMuP3n2brvKWEqk/Jc4=
github.com/hashicorp/go-version v0.0.0-20170914154128-fc61389e27c7 h1:Tijq+ZHupzK8WfomfH2s5dpKkpZd2TcN2i1LDbzWbwk=
github.com/hashicorp/go-version v0.0.0-20170914154128-fc61389e27c7/go.mod h1:fltr4n8CU8Ke44wwGCBoEymUuxUHl09ZGVZPK5anwXA=
github.com/hjson/hjson-go v0.2.3 h1:KhG7/PSxTibbYOzFso5FoiX2gWePcANaCsvM1WE/bTo=
github.com/hjson/hjson-go v0.2.3/go.mod h1:qsetwF8NlsTsOTwZTApNlTCerV+b2GjYRRcIk4JMFio=
github.com/ianschenck/envflag v0.0.0-20140720210342-9111d830d133 h1:h6FO/Da7rdYqJbRYMW9f+SMBWnJVguWh+0ERefW8zp8=
github.com/ianschenck/envflag v0.0.0-20140720210342-9111d830d133/go.mod h1:pyYc5lldRtL0l5YitYVv1dLKuC0qhMfAfiR7BLsN2pA=
github.com/joho/godotenv v1.2.0 h1:vGTvz69FzUFp+X4/bAkb0j5BoLC+9bpqTWY8mjhA9pc=
github.com/joho/godotenv v1.2.0/go.mod h1:7hK45KPybAkOC6peb+G5yklZfMxEjkZhHbwpqxOKXbg=
github.com/koding/cache v0.0.0-20161222233015-e8a81b0b3f20 h1:R7RAW1p8wjhlHKFhS4X7h8EePqADev/PltCmW9qlJoM=
github.com/koding/cache v0.0.0-20161222233015-e8a81b0b3f20/go.mod h1:sh5SGGmQVGUkWDnxevz0I2FJ4TeC18hRPRjKVBMb2kA=
github.com/lib/pq v0.0.0-20171019223007-456514e2defe h1:3W7DA0pKM6dPkHc4thTL7VJw32yEIbeQNgpzIaSW9kI=
github.com/lib/pq v0.0.0-20171019223007-456514e2defe/go.mod h1:5WUZQaWbwv1U+lTReE5YruASi9Al49XbQIvNi/34Woo=
github.com/mattn/go-isatty v0.0.3 h1:ns/ykhmWi7G9O+8a448SecJU3nSMBXJfqQkl0upE1jI=
github.com/mattn/go-isatty v0.0.3/go.mod h1:M+lRXTBqGeGNdLjl/ufCoiOlB5xdOkqRJdNxMWT7Zi4=
github.com/mattn/go-jsonpointer v0.0.0-20170427002117-a39417dc2a77 h1:iABqXj7kXcDBtR7YDEiHlmcyj0tjUTOG8bVlQZaSJ/M=
github.com/mattn/go-jsonpointer v0.0.0-20170427002117-a39417dc2a77/go.mod h1:SDJ4hurDYyQ9/7nc+eCYtXqdufgK4Cq9TJlwPklqEYA=
github.com/mattn/go-sqlite3 v1.2.0 h1:h2FYSp18EBpSL2XOLiU2jIvYcJpx5NxGmT2EFlaUesw=
github.com/mattn/go-sqlite3 v1.2.0/go.mod h1:FPy6KqzDD04eiIsT53CuJW3U88zkxoIYsOqkbpncsNc=
github.com/mspiegel/go-multierror v0.0.0-20170309222903-065aa648c994 h1:US8eTr0SXNF/ci7I8acpBcFEJN4FOGre5g5zqkurgyg=
github.com/mspiegel/go-multierror v0.0.0-20170309222903-065aa648c994/go.mod h1:xw4ib7HNutwdEm5bOdXFQKaHjuhRMWtZgMIVIihyuWI=
github.com/pelletier/go-toml v1.0.1 h1:0nx4vKBl23+hEaCOV1mFhKS9vhhBtFYWC7rQY0vJAyE=
github.com/pelletier/go-toml v1.0.1/go.mod h1:5z9KED0ma1S8pY6P1sdut58dfprrGBbd/94hg7ilaic=
github.com/pkg/errors v0.8.0 h1:WdK/asTD0HN+q6hsWO3/vpuAkAr+tw6aNJNDFFf0+qw=
github.com/pkg/errors v0.8.0/go.mod h1:bwawxfHBFNV+L2hUp1rHADufV3IMtnDRdf1r5NINEl0=
github.com/pmezard/go-difflib v1.0.0 h1:4DBwDE0NGyQoBHbLQYPwSUPoCMWR5BEzIk/f1lZbAQM=
github.com/pmezard/go-difflib v1.0.0/go.mod h1:iKH77koFhYxTK1pcRnkKkqfTogsbg7gZNVY4sRDYZ/4=
github.com/rubenv/sql-migrate v0.0.0-20170824124545-79fe99e24311 h1:zM8ImA1q87ULfhJHCoL4oe143J3qdXF2XWjJX42gszQ=
github.com/rubenv/sql-migrate v0.0.0-20170824124545-79fe99e24311/go.mod h1:WS0rl9eEliYI8DPnr3TOwz4439pay+qNgzJoVya/DmY=
github.com/russross/meddler v0.0.0-20170319163028-9515f6b01c15 h1:5lwmRG81Tx9fo0v9ASSwDg3J+6s10RC/dWwROtJYTw4=
github.com/russross/meddler v0.0.0-20170319163028-9515f6b01c15/go.mod h1:L0qig4K5sCW6YvsjqjPgkKJpwphlhMX1SmjGdcKXbsw=
github.com/stretchr/objx v0.0.0-20150928122152-1a9d0bb9f541 h1:nvL7eaZN/Zw5emVOGaOclbLMeFO030UrPtWFTUS0p80=
github.com/stretchr/objx v0.0.0-20150928122152-1a9d0bb9f541/go.mod h1:HFkY916IF+rwdDfMAkV7OtwuqBVzrE8GR6GFx+wExME=
github.com/stretchr/testify v1.1.4 h1:ToftOQTytwshuOSj6bDSolVUa3GINfJP/fg3OkkOzQQ=
github.com/stretchr/testify v1.1.4/go.mod h1:a8OnRcib4nhh0OaRAV+Yts87kKdq0PP7pXfy6kDkUVs=
github.com/ugorji/go v0.0.0-20171019201919-bdcc60b419d1 h1:UvhxfNjNqlZ/x3cDyqxMhoiUpemd3zXkVQApN6bM/lg=
github.com/ugorji/go v0.0.0-20171019201919-bdcc60b419d1/go.mod h1:hnLbHMwcvSihnDhEfx2/BzKp2xb0Y+ErdfYcrs9tkJQ=
golang.org/x/net v0.0.0-20171019164906-aabf50738bcd h1:c+vKpE75HPaGdQfc3Je2ciQzBKeYDS4k6GyBQO7tjeI=
golang.org/x/net v0.0.0-20171019164906-aabf50738bcd/go.mod h1:mL1N/T3taQHkDXs73rZJwtUhF3w3ftmwwsq0BUmARs4=
golang.org/x/oauth2 v0.0.0-20170928010508-bb50c06baba3 h1:YGx0PRKSN/2n/OcdFycCC0JUA/Ln+i5lPcN8VoNDus0=
golang.org/x/oauth2 v0.0.0-20170928010508-bb50c06baba3/go.mod h1:N/0e6XlmueqKjAGxoOufVs8QHGRruUQn6yWY3a++T0U=
golang.org/x/sys v0.0.0-20171017063910-8dbc5d05d6ed/go.mod h1:STP8DvDyc/dI5b8T5hshtkjS+E42TnysNCUPdjciGhY=
google.golang.org/appengine v1.0.0/go.mod h1:EbEs0AVv82hx2wNQdGPgUI5lhzA/G0D9YwlJXL52JkM=
gopkg.in/go-playground/validator.v8 v8.18.2 h1:lFB4DoMU6B626w8ny76MV7VX6W2VHct2GVOI3xgiMrQ=
gopkg.in/go-playground/validator.v8 v8.18.2/go.mod h1:RX2a/7Ha8BgOhfk7j780h4/u/RRjR0eouCJSH80/M2Y=
gopkg.in/gorp.v1 v1.7.1 h1:GBB9KrWRATQZh95HJyVGUZrWwOPswitEYEyqlK8JbAA=
gopkg.in/gorp.v1 v1.7.1/go.mod h1:Wo3h+DBQZIxATwftsglhdD/62zRFPhGhTiu5jUJmCaw=
gopkg.in/mgo.v2 v2.0.0-20160818020120-3f83fa500528 h1:/saqWwm73dLmuzbNhe92F0QsZ/KiFND+esHco2v1hiY=
gopkg.in/mgo.v2 v2.0.0-20160818020120-3f83fa500528/go.mod h1:yeKp02qBN3iKW1OzL3MGk2IdtZzaj7SFntXj72NppTA=
gopkg.in/yaml.v2 v2.0.0-20170812160011-eb3733d160e7 h1:+t9dhfO+GNOIGJof6kPOAenx7YgrZMTdRPV+EsnPabk=
gopkg.in/yaml.v2 v2.0.0-20170812160011-eb3733d160e7/go.mod h1:JAlM8MvJe8wmxCU4Bli9HhUf9+ttbYbLASfIpnQbh74=
